// !$*UTF8*$!
{
	archiveVersion = 1;
	classes = {
	};
	objectVersion = 51;
	objects = {

/* Begin PBXBuildFile section */
		7F8D173799C917B45B756647 /* Pods_SoundScapeTK2Tests.framework in Frameworks */ = {isa = PBXBuildFile; fileRef = F27A0DB0DAC473893E4D042E /* Pods_SoundScapeTK2Tests.framework */; };
		86239AEC22A16E8300E02BE2 /* AudioManager.swift in Sources */ = {isa = PBXBuildFile; fileRef = 86239AEB22A16E8300E02BE2 /* AudioManager.swift */; };
		86239AF622A466A000E02BE2 /* 01.wav in Resources */ = {isa = PBXBuildFile; fileRef = 86239AF022A466A000E02BE2 /* 01.wav */; };
		86239AF722A466A000E02BE2 /* play_sf_stereo.pd in Resources */ = {isa = PBXBuildFile; fileRef = 86239AF122A466A000E02BE2 /* play_sf_stereo.pd */; };
		86239AF822A466A000E02BE2 /* play_sf_mono.pd in Resources */ = {isa = PBXBuildFile; fileRef = 86239AF222A466A000E02BE2 /* play_sf_mono.pd */; };
		86239AF922A466A000E02BE2 /* sampler4bank.pd in Resources */ = {isa = PBXBuildFile; fileRef = 86239AF322A466A000E02BE2 /* sampler4bank.pd */; };
		86239AFA22A466A000E02BE2 /* 02_cymbal.wav in Resources */ = {isa = PBXBuildFile; fileRef = 86239AF422A466A000E02BE2 /* 02_cymbal.wav */; };
		86239AFB22A466A000E02BE2 /* reverb-echo.pd in Resources */ = {isa = PBXBuildFile; fileRef = 86239AF522A466A000E02BE2 /* reverb-echo.pd */; };
		863CD620229D9EF10052FBE2 /* test-cle.json in Resources */ = {isa = PBXBuildFile; fileRef = 863CD61F229D9EF10052FBE2 /* test-cle.json */; };
		863CD626229E2F540052FBE2 /* RegionsTableViewController.swift in Sources */ = {isa = PBXBuildFile; fileRef = 863CD625229E2F540052FBE2 /* RegionsTableViewController.swift */; };
		863CD62A229EE9C70052FBE2 /* APIResources.swift in Sources */ = {isa = PBXBuildFile; fileRef = 863CD629229EE9C70052FBE2 /* APIResources.swift */; };
		863CD62C229EF0F20052FBE2 /* RegionTableViewCell.swift in Sources */ = {isa = PBXBuildFile; fileRef = 863CD62B229EF0F20052FBE2 /* RegionTableViewCell.swift */; };
		866F2EDC229C81DD00FFAEDF /* AppDelegate.swift in Sources */ = {isa = PBXBuildFile; fileRef = 866F2EDB229C81DD00FFAEDF /* AppDelegate.swift */; };
		866F2EE1229C81DD00FFAEDF /* Main.storyboard in Resources */ = {isa = PBXBuildFile; fileRef = 866F2EDF229C81DD00FFAEDF /* Main.storyboard */; };
		866F2EE3229C81DD00FFAEDF /* Assets.xcassets in Resources */ = {isa = PBXBuildFile; fileRef = 866F2EE2229C81DD00FFAEDF /* Assets.xcassets */; };
		866F2EE6229C81DD00FFAEDF /* LaunchScreen.storyboard in Resources */ = {isa = PBXBuildFile; fileRef = 866F2EE4229C81DD00FFAEDF /* LaunchScreen.storyboard */; };
		866F2EF1229C81DE00FFAEDF /* SoundScapeTK2Tests.swift in Sources */ = {isa = PBXBuildFile; fileRef = 866F2EF0229C81DE00FFAEDF /* SoundScapeTK2Tests.swift */; };
		866F2EFE229C908400FFAEDF /* Region.swift in Sources */ = {isa = PBXBuildFile; fileRef = 866F2EFD229C908400FFAEDF /* Region.swift */; };
		866F2F00229C914E00FFAEDF /* SoundScapeData.swift in Sources */ = {isa = PBXBuildFile; fileRef = 866F2EFF229C914E00FFAEDF /* SoundScapeData.swift */; };
		86C33917229D05AC008C2797 /* HUDViewController.swift in Sources */ = {isa = PBXBuildFile; fileRef = 86C33916229D05AC008C2797 /* HUDViewController.swift */; };
		893A3BBE84550A67113CF9AF /* Pods_SoundScapeTK2.framework in Frameworks */ = {isa = PBXBuildFile; fileRef = 600EB54638E8D4EACCF9C844 /* Pods_SoundScapeTK2.framework */; };
/* End PBXBuildFile section */

/* Begin PBXContainerItemProxy section */
		866F2EED229C81DE00FFAEDF /* PBXContainerItemProxy */ = {
			isa = PBXContainerItemProxy;
			containerPortal = 866F2ED0229C81DD00FFAEDF /* Project object */;
			proxyType = 1;
			remoteGlobalIDString = 866F2ED7229C81DD00FFAEDF;
			remoteInfo = SoundScapeTK2;
		};
/* End PBXContainerItemProxy section */

/* Begin PBXFileReference section */
		1275C369D1585F474CF28BEF /* Pods-SoundScapeTK2.debug.xcconfig */ = {isa = PBXFileReference; includeInIndex = 1; lastKnownFileType = text.xcconfig; name = "Pods-SoundScapeTK2.debug.xcconfig"; path = "Target Support Files/Pods-SoundScapeTK2/Pods-SoundScapeTK2.debug.xcconfig"; sourceTree = "<group>"; };
		600EB54638E8D4EACCF9C844 /* Pods_SoundScapeTK2.framework */ = {isa = PBXFileReference; explicitFileType = wrapper.framework; includeInIndex = 0; path = Pods_SoundScapeTK2.framework; sourceTree = BUILT_PRODUCTS_DIR; };
		78AAE98AE309DE61C466F21E /* Pods-SoundScapeTK2.release.xcconfig */ = {isa = PBXFileReference; includeInIndex = 1; lastKnownFileType = text.xcconfig; name = "Pods-SoundScapeTK2.release.xcconfig"; path = "Target Support Files/Pods-SoundScapeTK2/Pods-SoundScapeTK2.release.xcconfig"; sourceTree = "<group>"; };
		86239AEB22A16E8300E02BE2 /* AudioManager.swift */ = {isa = PBXFileReference; lastKnownFileType = sourcecode.swift; path = AudioManager.swift; sourceTree = "<group>"; };
		86239AF022A466A000E02BE2 /* 01.wav */ = {isa = PBXFileReference; lastKnownFileType = audio.wav; path = 01.wav; sourceTree = "<group>"; };
		86239AF122A466A000E02BE2 /* play_sf_stereo.pd */ = {isa = PBXFileReference; fileEncoding = 4; lastKnownFileType = text; path = play_sf_stereo.pd; sourceTree = "<group>"; };
		86239AF222A466A000E02BE2 /* play_sf_mono.pd */ = {isa = PBXFileReference; fileEncoding = 4; lastKnownFileType = text; path = play_sf_mono.pd; sourceTree = "<group>"; };
		86239AF322A466A000E02BE2 /* sampler4bank.pd */ = {isa = PBXFileReference; fileEncoding = 4; lastKnownFileType = text; path = sampler4bank.pd; sourceTree = "<group>"; };
		86239AF422A466A000E02BE2 /* 02_cymbal.wav */ = {isa = PBXFileReference; lastKnownFileType = audio.wav; path = 02_cymbal.wav; sourceTree = "<group>"; };
		86239AF522A466A000E02BE2 /* reverb-echo.pd */ = {isa = PBXFileReference; fileEncoding = 4; lastKnownFileType = text; path = "reverb-echo.pd"; sourceTree = "<group>"; };
		863CD61F229D9EF10052FBE2 /* test-cle.json */ = {isa = PBXFileReference; lastKnownFileType = text.json; path = "test-cle.json"; sourceTree = "<group>"; };
		863CD625229E2F540052FBE2 /* RegionsTableViewController.swift */ = {isa = PBXFileReference; lastKnownFileType = sourcecode.swift; path = RegionsTableViewController.swift; sourceTree = "<group>"; };
		863CD629229EE9C70052FBE2 /* APIResources.swift */ = {isa = PBXFileReference; lastKnownFileType = sourcecode.swift; path = APIResources.swift; sourceTree = "<group>"; };
		863CD62B229EF0F20052FBE2 /* RegionTableViewCell.swift */ = {isa = PBXFileReference; lastKnownFileType = sourcecode.swift; path = RegionTableViewCell.swift; sourceTree = "<group>"; };
		866F2ED8229C81DD00FFAEDF /* SoundScapeTK2.app */ = {isa = PBXFileReference; explicitFileType = wrapper.application; includeInIndex = 0; path = SoundScapeTK2.app; sourceTree = BUILT_PRODUCTS_DIR; };
		866F2EDB229C81DD00FFAEDF /* AppDelegate.swift */ = {isa = PBXFileReference; lastKnownFileType = sourcecode.swift; path = AppDelegate.swift; sourceTree = "<group>"; };
		866F2EE0229C81DD00FFAEDF /* Base */ = {isa = PBXFileReference; lastKnownFileType = file.storyboard; name = Base; path = Base.lproj/Main.storyboard; sourceTree = "<group>"; };
		866F2EE2229C81DD00FFAEDF /* Assets.xcassets */ = {isa = PBXFileReference; lastKnownFileType = folder.assetcatalog; path = Assets.xcassets; sourceTree = "<group>"; };
		866F2EE5229C81DD00FFAEDF /* Base */ = {isa = PBXFileReference; lastKnownFileType = file.storyboard; name = Base; path = Base.lproj/LaunchScreen.storyboard; sourceTree = "<group>"; };
		866F2EE7229C81DD00FFAEDF /* Info.plist */ = {isa = PBXFileReference; lastKnownFileType = text.plist.xml; path = Info.plist; sourceTree = "<group>"; };
		866F2EEC229C81DD00FFAEDF /* SoundScapeTK2Tests.xctest */ = {isa = PBXFileReference; explicitFileType = wrapper.cfbundle; includeInIndex = 0; path = SoundScapeTK2Tests.xctest; sourceTree = BUILT_PRODUCTS_DIR; };
		866F2EF0229C81DE00FFAEDF /* SoundScapeTK2Tests.swift */ = {isa = PBXFileReference; lastKnownFileType = sourcecode.swift; path = SoundScapeTK2Tests.swift; sourceTree = "<group>"; };
		866F2EF2229C81DE00FFAEDF /* Info.plist */ = {isa = PBXFileReference; lastKnownFileType = text.plist.xml; path = Info.plist; sourceTree = "<group>"; };
		866F2EFD229C908400FFAEDF /* Region.swift */ = {isa = PBXFileReference; lastKnownFileType = sourcecode.swift; path = Region.swift; sourceTree = "<group>"; };
		866F2EFF229C914E00FFAEDF /* SoundScapeData.swift */ = {isa = PBXFileReference; lastKnownFileType = sourcecode.swift; path = SoundScapeData.swift; sourceTree = "<group>"; };
		86C33916229D05AC008C2797 /* HUDViewController.swift */ = {isa = PBXFileReference; lastKnownFileType = sourcecode.swift; path = HUDViewController.swift; sourceTree = "<group>"; };
		C6D988299FDDDFE102164DB2 /* Pods-SoundScapeTK2Tests.release.xcconfig */ = {isa = PBXFileReference; includeInIndex = 1; lastKnownFileType = text.xcconfig; name = "Pods-SoundScapeTK2Tests.release.xcconfig"; path = "Target Support Files/Pods-SoundScapeTK2Tests/Pods-SoundScapeTK2Tests.release.xcconfig"; sourceTree = "<group>"; };
		E0DBA41E836AD6A2F03495EB /* Pods-SoundScapeTK2Tests.debug.xcconfig */ = {isa = PBXFileReference; includeInIndex = 1; lastKnownFileType = text.xcconfig; name = "Pods-SoundScapeTK2Tests.debug.xcconfig"; path = "Target Support Files/Pods-SoundScapeTK2Tests/Pods-SoundScapeTK2Tests.debug.xcconfig"; sourceTree = "<group>"; };
		F27A0DB0DAC473893E4D042E /* Pods_SoundScapeTK2Tests.framework */ = {isa = PBXFileReference; explicitFileType = wrapper.framework; includeInIndex = 0; path = Pods_SoundScapeTK2Tests.framework; sourceTree = BUILT_PRODUCTS_DIR; };
/* End PBXFileReference section */

/* Begin PBXFrameworksBuildPhase section */
		866F2ED5229C81DD00FFAEDF /* Frameworks */ = {
			isa = PBXFrameworksBuildPhase;
			buildActionMask = 2147483647;
			files = (
				893A3BBE84550A67113CF9AF /* Pods_SoundScapeTK2.framework in Frameworks */,
			);
			runOnlyForDeploymentPostprocessing = 0;
		};
		866F2EE9229C81DD00FFAEDF /* Frameworks */ = {
			isa = PBXFrameworksBuildPhase;
			buildActionMask = 2147483647;
			files = (
				7F8D173799C917B45B756647 /* Pods_SoundScapeTK2Tests.framework in Frameworks */,
			);
			runOnlyForDeploymentPostprocessing = 0;
		};
/* End PBXFrameworksBuildPhase section */

/* Begin PBXGroup section */
		83BFA4B56E187F1E8A737428 /* Frameworks */ = {
			isa = PBXGroup;
			children = (
				600EB54638E8D4EACCF9C844 /* Pods_SoundScapeTK2.framework */,
				F27A0DB0DAC473893E4D042E /* Pods_SoundScapeTK2Tests.framework */,
			);
			name = Frameworks;
			sourceTree = "<group>";
		};
		86239AEF22A466A000E02BE2 /* pd */ = {
			isa = PBXGroup;
			children = (
				86239AF022A466A000E02BE2 /* 01.wav */,
				86239AF122A466A000E02BE2 /* play_sf_stereo.pd */,
				86239AF222A466A000E02BE2 /* play_sf_mono.pd */,
				86239AF322A466A000E02BE2 /* sampler4bank.pd */,
				86239AF422A466A000E02BE2 /* 02_cymbal.wav */,
				86239AF522A466A000E02BE2 /* reverb-echo.pd */,
			);
			path = pd;
			sourceTree = "<group>";
		};
		866F2ECF229C81DD00FFAEDF = {
			isa = PBXGroup;
			children = (
				866F2EDA229C81DD00FFAEDF /* SoundScapeTK2 */,
				866F2EEF229C81DE00FFAEDF /* SoundScapeTK2Tests */,
				866F2ED9229C81DD00FFAEDF /* Products */,
				DA1B67CB9616AEBBB1AB90FF /* Pods */,
				83BFA4B56E187F1E8A737428 /* Frameworks */,
			);
			sourceTree = "<group>";
		};
		866F2ED9229C81DD00FFAEDF /* Products */ = {
			isa = PBXGroup;
			children = (
				866F2ED8229C81DD00FFAEDF /* SoundScapeTK2.app */,
				866F2EEC229C81DD00FFAEDF /* SoundScapeTK2Tests.xctest */,
			);
			name = Products;
			sourceTree = "<group>";
		};
		866F2EDA229C81DD00FFAEDF /* SoundScapeTK2 */ = {
			isa = PBXGroup;
			children = (
				86239AEF22A466A000E02BE2 /* pd */,
				866F2EDB229C81DD00FFAEDF /* AppDelegate.swift */,
				86239AEB22A16E8300E02BE2 /* AudioManager.swift */,
				86C33916229D05AC008C2797 /* HUDViewController.swift */,
				863CD625229E2F540052FBE2 /* RegionsTableViewController.swift */,
				863CD62B229EF0F20052FBE2 /* RegionTableViewCell.swift */,
				866F2EDF229C81DD00FFAEDF /* Main.storyboard */,
				866F2EE4229C81DD00FFAEDF /* LaunchScreen.storyboard */,
				866F2EFD229C908400FFAEDF /* Region.swift */,
				866F2EFF229C914E00FFAEDF /* SoundScapeData.swift */,
				863CD629229EE9C70052FBE2 /* APIResources.swift */,
				866F2EE7229C81DD00FFAEDF /* Info.plist */,
				866F2EE2229C81DD00FFAEDF /* Assets.xcassets */,
				863CD61F229D9EF10052FBE2 /* test-cle.json */,
			);
			path = SoundScapeTK2;
			sourceTree = "<group>";
		};
		866F2EEF229C81DE00FFAEDF /* SoundScapeTK2Tests */ = {
			isa = PBXGroup;
			children = (
				866F2EF0229C81DE00FFAEDF /* SoundScapeTK2Tests.swift */,
				866F2EF2229C81DE00FFAEDF /* Info.plist */,
			);
			path = SoundScapeTK2Tests;
			sourceTree = "<group>";
		};
		DA1B67CB9616AEBBB1AB90FF /* Pods */ = {
			isa = PBXGroup;
			children = (
				1275C369D1585F474CF28BEF /* Pods-SoundScapeTK2.debug.xcconfig */,
				78AAE98AE309DE61C466F21E /* Pods-SoundScapeTK2.release.xcconfig */,
				E0DBA41E836AD6A2F03495EB /* Pods-SoundScapeTK2Tests.debug.xcconfig */,
				C6D988299FDDDFE102164DB2 /* Pods-SoundScapeTK2Tests.release.xcconfig */,
			);
			path = Pods;
			sourceTree = "<group>";
		};
/* End PBXGroup section */

/* Begin PBXNativeTarget section */
		866F2ED7229C81DD00FFAEDF /* SoundScapeTK2 */ = {
			isa = PBXNativeTarget;
			buildConfigurationList = 866F2EF5229C81DE00FFAEDF /* Build configuration list for PBXNativeTarget "SoundScapeTK2" */;
			buildPhases = (
				5747D881BA5ACE26ADF0F08C /* [CP] Check Pods Manifest.lock */,
				866F2ED4229C81DD00FFAEDF /* Sources */,
				866F2ED5229C81DD00FFAEDF /* Frameworks */,
				866F2ED6229C81DD00FFAEDF /* Resources */,
				9F6E5EAFAB4A579AB96ECC73 /* [CP] Embed Pods Frameworks */,
			);
			buildRules = (
			);
			dependencies = (
			);
			name = SoundScapeTK2;
			productName = SoundScapeTK2;
			productReference = 866F2ED8229C81DD00FFAEDF /* SoundScapeTK2.app */;
			productType = "com.apple.product-type.application";
		};
		866F2EEB229C81DD00FFAEDF /* SoundScapeTK2Tests */ = {
			isa = PBXNativeTarget;
			buildConfigurationList = 866F2EF8229C81DE00FFAEDF /* Build configuration list for PBXNativeTarget "SoundScapeTK2Tests" */;
			buildPhases = (
				DC88296CFC464EFFD819AB18 /* [CP] Check Pods Manifest.lock */,
				866F2EE8229C81DD00FFAEDF /* Sources */,
				866F2EE9229C81DD00FFAEDF /* Frameworks */,
				866F2EEA229C81DD00FFAEDF /* Resources */,
			);
			buildRules = (
			);
			dependencies = (
				866F2EEE229C81DE00FFAEDF /* PBXTargetDependency */,
			);
			name = SoundScapeTK2Tests;
			productName = SoundScapeTK2Tests;
			productReference = 866F2EEC229C81DD00FFAEDF /* SoundScapeTK2Tests.xctest */;
			productType = "com.apple.product-type.bundle.unit-test";
		};
/* End PBXNativeTarget section */

/* Begin PBXProject section */
		866F2ED0229C81DD00FFAEDF /* Project object */ = {
			isa = PBXProject;
			attributes = {
				LastSwiftUpdateCheck = 1020;
				LastUpgradeCheck = 1020;
				ORGANIZATIONNAME = kfl;
				TargetAttributes = {
					866F2ED7229C81DD00FFAEDF = {
						CreatedOnToolsVersion = 10.2.1;
						SystemCapabilities = {
							com.apple.BackgroundModes = {
								enabled = 1;
							};
						};
					};
					866F2EEB229C81DD00FFAEDF = {
						CreatedOnToolsVersion = 10.2.1;
						TestTargetID = 866F2ED7229C81DD00FFAEDF;
					};
				};
			};
			buildConfigurationList = 866F2ED3229C81DD00FFAEDF /* Build configuration list for PBXProject "SoundScapeTK2" */;
			compatibilityVersion = "Xcode 9.3";
			developmentRegion = en;
			hasScannedForEncodings = 0;
			knownRegions = (
				en,
				Base,
			);
			mainGroup = 866F2ECF229C81DD00FFAEDF;
			productRefGroup = 866F2ED9229C81DD00FFAEDF /* Products */;
			projectDirPath = "";
			projectRoot = "";
			targets = (
				866F2ED7229C81DD00FFAEDF /* SoundScapeTK2 */,
				866F2EEB229C81DD00FFAEDF /* SoundScapeTK2Tests */,
			);
		};
/* End PBXProject section */

/* Begin PBXResourcesBuildPhase section */
		866F2ED6229C81DD00FFAEDF /* Resources */ = {
			isa = PBXResourcesBuildPhase;
			buildActionMask = 2147483647;
			files = (
				86239AF622A466A000E02BE2 /* 01.wav in Resources */,
				866F2EE6229C81DD00FFAEDF /* LaunchScreen.storyboard in Resources */,
				866F2EE3229C81DD00FFAEDF /* Assets.xcassets in Resources */,
				866F2EE1229C81DD00FFAEDF /* Main.storyboard in Resources */,
				86239AF822A466A000E02BE2 /* play_sf_mono.pd in Resources */,
				86239AFA22A466A000E02BE2 /* 02_cymbal.wav in Resources */,
				86239AF922A466A000E02BE2 /* sampler4bank.pd in Resources */,
				86239AF722A466A000E02BE2 /* play_sf_stereo.pd in Resources */,
				86239AFB22A466A000E02BE2 /* reverb-echo.pd in Resources */,
				863CD620229D9EF10052FBE2 /* test-cle.json in Resources */,
			);
			runOnlyForDeploymentPostprocessing = 0;
		};
		866F2EEA229C81DD00FFAEDF /* Resources */ = {
			isa = PBXResourcesBuildPhase;
			buildActionMask = 2147483647;
			files = (
			);
			runOnlyForDeploymentPostprocessing = 0;
		};
/* End PBXResourcesBuildPhase section */

/* Begin PBXShellScriptBuildPhase section */
		5747D881BA5ACE26ADF0F08C /* [CP] Check Pods Manifest.lock */ = {
			isa = PBXShellScriptBuildPhase;
			buildActionMask = 2147483647;
			files = (
			);
			inputFileListPaths = (
			);
			inputPaths = (
				"${PODS_PODFILE_DIR_PATH}/Podfile.lock",
				"${PODS_ROOT}/Manifest.lock",
			);
			name = "[CP] Check Pods Manifest.lock";
			outputFileListPaths = (
			);
			outputPaths = (
				"$(DERIVED_FILE_DIR)/Pods-SoundScapeTK2-checkManifestLockResult.txt",
			);
			runOnlyForDeploymentPostprocessing = 0;
			shellPath = /bin/sh;
			shellScript = "diff \"${PODS_PODFILE_DIR_PATH}/Podfile.lock\" \"${PODS_ROOT}/Manifest.lock\" > /dev/null\nif [ $? != 0 ] ; then\n    # print error to STDERR\n    echo \"error: The sandbox is not in sync with the Podfile.lock. Run 'pod install' or update your CocoaPods installation.\" >&2\n    exit 1\nfi\n# This output is used by Xcode 'outputs' to avoid re-running this script phase.\necho \"SUCCESS\" > \"${SCRIPT_OUTPUT_FILE_0}\"\n";
			showEnvVarsInLog = 0;
		};
		9F6E5EAFAB4A579AB96ECC73 /* [CP] Embed Pods Frameworks */ = {
			isa = PBXShellScriptBuildPhase;
			buildActionMask = 2147483647;
			files = (
			);
			inputFileListPaths = (
				"${PODS_ROOT}/Target Support Files/Pods-SoundScapeTK2/Pods-SoundScapeTK2-frameworks-${CONFIGURATION}-input-files.xcfilelist",
			);
			name = "[CP] Embed Pods Frameworks";
			outputFileListPaths = (
				"${PODS_ROOT}/Target Support Files/Pods-SoundScapeTK2/Pods-SoundScapeTK2-frameworks-${CONFIGURATION}-output-files.xcfilelist",
			);
			runOnlyForDeploymentPostprocessing = 0;
			shellPath = /bin/sh;
			shellScript = "\"${PODS_ROOT}/Target Support Files/Pods-SoundScapeTK2/Pods-SoundScapeTK2-frameworks.sh\"\n";
			showEnvVarsInLog = 0;
		};
		DC88296CFC464EFFD819AB18 /* [CP] Check Pods Manifest.lock */ = {
			isa = PBXShellScriptBuildPhase;
			buildActionMask = 2147483647;
			files = (
			);
			inputFileListPaths = (
			);
			inputPaths = (
				"${PODS_PODFILE_DIR_PATH}/Podfile.lock",
				"${PODS_ROOT}/Manifest.lock",
			);
			name = "[CP] Check Pods Manifest.lock";
			outputFileListPaths = (
			);
			outputPaths = (
				"$(DERIVED_FILE_DIR)/Pods-SoundScapeTK2Tests-checkManifestLockResult.txt",
			);
			runOnlyForDeploymentPostprocessing = 0;
			shellPath = /bin/sh;
			shellScript = "diff \"${PODS_PODFILE_DIR_PATH}/Podfile.lock\" \"${PODS_ROOT}/Manifest.lock\" > /dev/null\nif [ $? != 0 ] ; then\n    # print error to STDERR\n    echo \"error: The sandbox is not in sync with the Podfile.lock. Run 'pod install' or update your CocoaPods installation.\" >&2\n    exit 1\nfi\n# This output is used by Xcode 'outputs' to avoid re-running this script phase.\necho \"SUCCESS\" > \"${SCRIPT_OUTPUT_FILE_0}\"\n";
			showEnvVarsInLog = 0;
		};
/* End PBXShellScriptBuildPhase section */

/* Begin PBXSourcesBuildPhase section */
		866F2ED4229C81DD00FFAEDF /* Sources */ = {
			isa = PBXSourcesBuildPhase;
			buildActionMask = 2147483647;
			files = (
				86239AEC22A16E8300E02BE2 /* AudioManager.swift in Sources */,
				863CD62C229EF0F20052FBE2 /* RegionTableViewCell.swift in Sources */,
				866F2EFE229C908400FFAEDF /* Region.swift in Sources */,
				863CD62A229EE9C70052FBE2 /* APIResources.swift in Sources */,
				86C33917229D05AC008C2797 /* HUDViewController.swift in Sources */,
				866F2EDC229C81DD00FFAEDF /* AppDelegate.swift in Sources */,
				866F2F00229C914E00FFAEDF /* SoundScapeData.swift in Sources */,
				863CD626229E2F540052FBE2 /* RegionsTableViewController.swift in Sources */,
			);
			runOnlyForDeploymentPostprocessing = 0;
		};
		866F2EE8229C81DD00FFAEDF /* Sources */ = {
			isa = PBXSourcesBuildPhase;
			buildActionMask = 2147483647;
			files = (
				866F2EF1229C81DE00FFAEDF /* SoundScapeTK2Tests.swift in Sources */,
			);
			runOnlyForDeploymentPostprocessing = 0;
		};
/* End PBXSourcesBuildPhase section */

/* Begin PBXTargetDependency section */
		866F2EEE229C81DE00FFAEDF /* PBXTargetDependency */ = {
			isa = PBXTargetDependency;
			target = 866F2ED7229C81DD00FFAEDF /* SoundScapeTK2 */;
			targetProxy = 866F2EED229C81DE00FFAEDF /* PBXContainerItemProxy */;
		};
/* End PBXTargetDependency section */

/* Begin PBXVariantGroup section */
		866F2EDF229C81DD00FFAEDF /* Main.storyboard */ = {
			isa = PBXVariantGroup;
			children = (
				866F2EE0229C81DD00FFAEDF /* Base */,
			);
			name = Main.storyboard;
			sourceTree = "<group>";
		};
		866F2EE4229C81DD00FFAEDF /* LaunchScreen.storyboard */ = {
			isa = PBXVariantGroup;
			children = (
				866F2EE5229C81DD00FFAEDF /* Base */,
			);
			name = LaunchScreen.storyboard;
			sourceTree = "<group>";
		};
/* End PBXVariantGroup section */

/* Begin XCBuildConfiguration section */
		866F2EF3229C81DE00FFAEDF /* Debug */ = {
			isa = XCBuildConfiguration;
			buildSettings = {
				ALWAYS_SEARCH_USER_PATHS = NO;
				CLANG_ANALYZER_NONNULL = YES;
				CLANG_ANALYZER_NUMBER_OBJECT_CONVERSION = YES_AGGRESSIVE;
				CLANG_CXX_LANGUAGE_STANDARD = "gnu++14";
				CLANG_CXX_LIBRARY = "libc++";
				CLANG_ENABLE_MODULES = YES;
				CLANG_ENABLE_OBJC_ARC = YES;
				CLANG_ENABLE_OBJC_WEAK = YES;
				CLANG_WARN_BLOCK_CAPTURE_AUTORELEASING = YES;
				CLANG_WARN_BOOL_CONVERSION = YES;
				CLANG_WARN_COMMA = YES;
				CLANG_WARN_CONSTANT_CONVERSION = YES;
				CLANG_WARN_DEPRECATED_OBJC_IMPLEMENTATIONS = YES;
				CLANG_WARN_DIRECT_OBJC_ISA_USAGE = YES_ERROR;
				CLANG_WARN_DOCUMENTATION_COMMENTS = YES;
				CLANG_WARN_EMPTY_BODY = YES;
				CLANG_WARN_ENUM_CONVERSION = YES;
				CLANG_WARN_INFINITE_RECURSION = YES;
				CLANG_WARN_INT_CONVERSION = YES;
				CLANG_WARN_NON_LITERAL_NULL_CONVERSION = YES;
				CLANG_WARN_OBJC_IMPLICIT_RETAIN_SELF = YES;
				CLANG_WARN_OBJC_LITERAL_CONVERSION = YES;
				CLANG_WARN_OBJC_ROOT_CLASS = YES_ERROR;
				CLANG_WARN_RANGE_LOOP_ANALYSIS = YES;
				CLANG_WARN_STRICT_PROTOTYPES = YES;
				CLANG_WARN_SUSPICIOUS_MOVE = YES;
				CLANG_WARN_UNGUARDED_AVAILABILITY = YES_AGGRESSIVE;
				CLANG_WARN_UNREACHABLE_CODE = YES;
				CLANG_WARN__DUPLICATE_METHOD_MATCH = YES;
				CODE_SIGN_IDENTITY = "iPhone Developer";
				COPY_PHASE_STRIP = NO;
				DEBUG_INFORMATION_FORMAT = dwarf;
				ENABLE_STRICT_OBJC_MSGSEND = YES;
				ENABLE_TESTABILITY = YES;
				GCC_C_LANGUAGE_STANDARD = gnu11;
				GCC_DYNAMIC_NO_PIC = NO;
				GCC_NO_COMMON_BLOCKS = YES;
				GCC_OPTIMIZATION_LEVEL = 0;
				GCC_PREPROCESSOR_DEFINITIONS = (
					"DEBUG=1",
					"$(inherited)",
				);
				GCC_WARN_64_TO_32_BIT_CONVERSION = YES;
				GCC_WARN_ABOUT_RETURN_TYPE = YES_ERROR;
				GCC_WARN_UNDECLARED_SELECTOR = YES;
				GCC_WARN_UNINITIALIZED_AUTOS = YES_AGGRESSIVE;
				GCC_WARN_UNUSED_FUNCTION = YES;
				GCC_WARN_UNUSED_VARIABLE = YES;
				IPHONEOS_DEPLOYMENT_TARGET = 12.2;
				MTL_ENABLE_DEBUG_INFO = INCLUDE_SOURCE;
				MTL_FAST_MATH = YES;
				ONLY_ACTIVE_ARCH = YES;
				SDKROOT = iphoneos;
				SWIFT_ACTIVE_COMPILATION_CONDITIONS = DEBUG;
				SWIFT_OPTIMIZATION_LEVEL = "-Onone";
			};
			name = Debug;
		};
		866F2EF4229C81DE00FFAEDF /* Release */ = {
			isa = XCBuildConfiguration;
			buildSettings = {
				ALWAYS_SEARCH_USER_PATHS = NO;
				CLANG_ANALYZER_NONNULL = YES;
				CLANG_ANALYZER_NUMBER_OBJECT_CONVERSION = YES_AGGRESSIVE;
				CLANG_CXX_LANGUAGE_STANDARD = "gnu++14";
				CLANG_CXX_LIBRARY = "libc++";
				CLANG_ENABLE_MODULES = YES;
				CLANG_ENABLE_OBJC_ARC = YES;
				CLANG_ENABLE_OBJC_WEAK = YES;
				CLANG_WARN_BLOCK_CAPTURE_AUTORELEASING = YES;
				CLANG_WARN_BOOL_CONVERSION = YES;
				CLANG_WARN_COMMA = YES;
				CLANG_WARN_CONSTANT_CONVERSION = YES;
				CLANG_WARN_DEPRECATED_OBJC_IMPLEMENTATIONS = YES;
				CLANG_WARN_DIRECT_OBJC_ISA_USAGE = YES_ERROR;
				CLANG_WARN_DOCUMENTATION_COMMENTS = YES;
				CLANG_WARN_EMPTY_BODY = YES;
				CLANG_WARN_ENUM_CONVERSION = YES;
				CLANG_WARN_INFINITE_RECURSION = YES;
				CLANG_WARN_INT_CONVERSION = YES;
				CLANG_WARN_NON_LITERAL_NULL_CONVERSION = YES;
				CLANG_WARN_OBJC_IMPLICIT_RETAIN_SELF = YES;
				CLANG_WARN_OBJC_LITERAL_CONVERSION = YES;
				CLANG_WARN_OBJC_ROOT_CLASS = YES_ERROR;
				CLANG_WARN_RANGE_LOOP_ANALYSIS = YES;
				CLANG_WARN_STRICT_PROTOTYPES = YES;
				CLANG_WARN_SUSPICIOUS_MOVE = YES;
				CLANG_WARN_UNGUARDED_AVAILABILITY = YES_AGGRESSIVE;
				CLANG_WARN_UNREACHABLE_CODE = YES;
				CLANG_WARN__DUPLICATE_METHOD_MATCH = YES;
				CODE_SIGN_IDENTITY = "iPhone Developer";
				COPY_PHASE_STRIP = NO;
				DEBUG_INFORMATION_FORMAT = "dwarf-with-dsym";
				ENABLE_NS_ASSERTIONS = NO;
				ENABLE_STRICT_OBJC_MSGSEND = YES;
				GCC_C_LANGUAGE_STANDARD = gnu11;
				GCC_NO_COMMON_BLOCKS = YES;
				GCC_WARN_64_TO_32_BIT_CONVERSION = YES;
				GCC_WARN_ABOUT_RETURN_TYPE = YES_ERROR;
				GCC_WARN_UNDECLARED_SELECTOR = YES;
				GCC_WARN_UNINITIALIZED_AUTOS = YES_AGGRESSIVE;
				GCC_WARN_UNUSED_FUNCTION = YES;
				GCC_WARN_UNUSED_VARIABLE = YES;
				IPHONEOS_DEPLOYMENT_TARGET = 12.2;
				MTL_ENABLE_DEBUG_INFO = NO;
				MTL_FAST_MATH = YES;
				SDKROOT = iphoneos;
				SWIFT_COMPILATION_MODE = wholemodule;
				SWIFT_OPTIMIZATION_LEVEL = "-O";
				VALIDATE_PRODUCT = YES;
			};
			name = Release;
		};
		866F2EF6229C81DE00FFAEDF /* Debug */ = {
			isa = XCBuildConfiguration;
			baseConfigurationReference = 1275C369D1585F474CF28BEF /* Pods-SoundScapeTK2.debug.xcconfig */;
			buildSettings = {
				ASSETCATALOG_COMPILER_APPICON_NAME = AppIcon;
				CODE_SIGN_STYLE = Automatic;
				DEVELOPMENT_TEAM = 85CVXQT3NW;
				INFOPLIST_FILE = SoundScapeTK2/Info.plist;
				IPHONEOS_DEPLOYMENT_TARGET = 9.3;
				LD_RUNPATH_SEARCH_PATHS = (
					"$(inherited)",
					"@executable_path/Frameworks",
				);
				PRODUCT_BUNDLE_IDENTIFIER = com.kitefishlabs.SoundScapeTK2;
				PRODUCT_NAME = "$(TARGET_NAME)";
				SWIFT_VERSION = 5.0;
				TARGETED_DEVICE_FAMILY = "1,2";
			};
			name = Debug;
		};
		866F2EF7229C81DE00FFAEDF /* Release */ = {
			isa = XCBuildConfiguration;
			baseConfigurationReference = 78AAE98AE309DE61C466F21E /* Pods-SoundScapeTK2.release.xcconfig */;
			buildSettings = {
				ASSETCATALOG_COMPILER_APPICON_NAME = AppIcon;
				CODE_SIGN_STYLE = Automatic;
				DEVELOPMENT_TEAM = 85CVXQT3NW;
				INFOPLIST_FILE = SoundScapeTK2/Info.plist;
				IPHONEOS_DEPLOYMENT_TARGET = 9.3;
				LD_RUNPATH_SEARCH_PATHS = (
					"$(inherited)",
					"@executable_path/Frameworks",
				);
				PRODUCT_BUNDLE_IDENTIFIER = com.kitefishlabs.SoundScapeTK2;
				PRODUCT_NAME = "$(TARGET_NAME)";
				SWIFT_VERSION = 5.0;
				TARGETED_DEVICE_FAMILY = "1,2";
			};
			name = Release;
		};
		866F2EF9229C81DE00FFAEDF /* Debug */ = {
			isa = XCBuildConfiguration;
			baseConfigurationReference = E0DBA41E836AD6A2F03495EB /* Pods-SoundScapeTK2Tests.debug.xcconfig */;
			buildSettings = {
				ALWAYS_EMBED_SWIFT_STANDARD_LIBRARIES = YES;
				BUNDLE_LOADER = "$(TEST_HOST)";
				CODE_SIGN_STYLE = Automatic;
				DEVELOPMENT_TEAM = 85CVXQT3NW;
				INFOPLIST_FILE = SoundScapeTK2Tests/Info.plist;
				LD_RUNPATH_SEARCH_PATHS = (
					"$(inherited)",
					"@executable_path/Frameworks",
					"@loader_path/Frameworks",
				);
				PRODUCT_BUNDLE_IDENTIFIER = com.kitefishlabs.SoundScapeTK2Tests;
				PRODUCT_NAME = "$(TARGET_NAME)";
				SWIFT_VERSION = 5.0;
				TARGETED_DEVICE_FAMILY = "1,2";
				TEST_HOST = "$(BUILT_PRODUCTS_DIR)/SoundScapeTK2.app/SoundScapeTK2";
			};
			name = Debug;
		};
		866F2EFA229C81DE00FFAEDF /* Release */ = {
			isa = XCBuildConfiguration;
			baseConfigurationReference = C6D988299FDDDFE102164DB2 /* Pods-SoundScapeTK2Tests.release.xcconfig */;
			buildSettings = {
				ALWAYS_EMBED_SWIFT_STANDARD_LIBRARIES = YES;
				BUNDLE_LOADER = "$(TEST_HOST)";
				CODE_SIGN_STYLE = Automatic;
				DEVELOPMENT_TEAM = 85CVXQT3NW;
				INFOPLIST_FILE = SoundScapeTK2Tests/Info.plist;
				LD_RUNPATH_SEARCH_PATHS = (
					"$(inherited)",
					"@executable_path/Frameworks",
					"@loader_path/Frameworks",
				);
				PRODUCT_BUNDLE_IDENTIFIER = com.kitefishlabs.SoundScapeTK2Tests;
				PRODUCT_NAME = "$(TARGET_NAME)";
				SWIFT_VERSION = 5.0;
				TARGETED_DEVICE_FAMILY = "1,2";
				TEST_HOST = "$(BUILT_PRODUCTS_DIR)/SoundScapeTK2.app/SoundScapeTK2";
			};
			name = Release;
		};
/* End XCBuildConfiguration section */

/* Begin XCConfigurationList section */
		866F2ED3229C81DD00FFAEDF /* Build configuration list for PBXProject "SoundScapeTK2" */ = {
			isa = XCConfigurationList;
			buildConfigurations = (
				866F2EF3229C81DE00FFAEDF /* Debug */,
				866F2EF4229C81DE00FFAEDF /* Release */,
			);
			defaultConfigurationIsVisible = 0;
			defaultConfigurationName = Release;
		};
		866F2EF5229C81DE00FFAEDF /* Build configuration list for PBXNativeTarget "SoundScapeTK2" */ = {
			isa = XCConfigurationList;
			buildConfigurations = (
				866F2EF6229C81DE00FFAEDF /* Debug */,
				866F2EF7229C81DE00FFAEDF /* Release */,
			);
			defaultConfigurationIsVisible = 0;
			defaultConfigurationName = Release;
		};
		866F2EF8229C81DE00FFAEDF /* Build configuration list for PBXNativeTarget "SoundScapeTK2Tests" */ = {
			isa = XCConfigurationList;
			buildConfigurations = (
				866F2EF9229C81DE00FFAEDF /* Debug */,
				866F2EFA229C81DE00FFAEDF /* Release */,
			);
			defaultConfigurationIsVisible = 0;
			defaultConfigurationName = Release;
		};
/* End XCConfigurationList section */
	};
	rootObject = 866F2ED0229C81DD00FFAEDF /* Project object */;
}
