// !$*UTF8*$!
{
	archiveVersion = 1;
	classes = {
	};
	objectVersion = 50;
	objects = {

/* Begin PBXBuildFile section */
		866F2EDC229C81DD00FFAEDF /* AppDelegate.swift in Sources */ = {isa = PBXBuildFile; fileRef = 866F2EDB229C81DD00FFAEDF /* AppDelegate.swift */; };
		866F2EDE229C81DD00FFAEDF /* ViewController.swift in Sources */ = {isa = PBXBuildFile; fileRef = 866F2EDD229C81DD00FFAEDF /* ViewController.swift */; };
		866F2EE1229C81DD00FFAEDF /* Main.storyboard in Resources */ = {isa = PBXBuildFile; fileRef = 866F2EDF229C81DD00FFAEDF /* Main.storyboard */; };
		866F2EE3229C81DD00FFAEDF /* Assets.xcassets in Resources */ = {isa = PBXBuildFile; fileRef = 866F2EE2229C81DD00FFAEDF /* Assets.xcassets */; };
		866F2EE6229C81DD00FFAEDF /* LaunchScreen.storyboard in Resources */ = {isa = PBXBuildFile; fileRef = 866F2EE4229C81DD00FFAEDF /* LaunchScreen.storyboard */; };
		866F2EF1229C81DE00FFAEDF /* SoundScapeTK2Tests.swift in Sources */ = {isa = PBXBuildFile; fileRef = 866F2EF0229C81DE00FFAEDF /* SoundScapeTK2Tests.swift */; };
/* End PBXBuildFile section */

/* Begin PBXContainerItemProxy section */
		866F2EED229C81DE00FFAEDF /* PBXContainerItemProxy */ = {
			isa = PBXContainerItemProxy;
			containerPortal = 866F2ED0229C81DD00FFAEDF /* Project object */;
			proxyType = 1;
			remoteGlobalIDString = 866F2ED7229C81DD00FFAEDF;
			remoteInfo = SoundScapeTK2;
		};
/* End PBXContainerItemProxy section */

/* Begin PBXFileReference section */
		866F2ED8229C81DD00FFAEDF /* SoundScapeTK2.app */ = {isa = PBXFileReference; explicitFileType = wrapper.application; includeInIndex = 0; path = SoundScapeTK2.app; sourceTree = BUILT_PRODUCTS_DIR; };
		866F2EDB229C81DD00FFAEDF /* AppDelegate.swift */ = {isa = PBXFileReference; lastKnownFileType = sourcecode.swift; path = AppDelegate.swift; sourceTree = "<group>"; };
		866F2EDD229C81DD00FFAEDF /* ViewController.swift */ = {isa = PBXFileReference; lastKnownFileType = sourcecode.swift; path = ViewController.swift; sourceTree = "<group>"; };
		866F2EE0229C81DD00FFAEDF /* Base */ = {isa = PBXFileReference; lastKnownFileType = file.storyboard; name = Base; path = Base.lproj/Main.storyboard; sourceTree = "<group>"; };
		866F2EE2229C81DD00FFAEDF /* Assets.xcassets */ = {isa = PBXFileReference; lastKnownFileType = folder.assetcatalog; path = Assets.xcassets; sourceTree = "<group>"; };
		866F2EE5229C81DD00FFAEDF /* Base */ = {isa = PBXFileReference; lastKnownFileType = file.storyboard; name = Base; path = Base.lproj/LaunchScreen.storyboard; sourceTree = "<group>"; };
		866F2EE7229C81DD00FFAEDF /* Info.plist */ = {isa = PBXFileReference; lastKnownFileType = text.plist.xml; path = Info.plist; sourceTree = "<group>"; };
		866F2EEC229C81DD00FFAEDF /* SoundScapeTK2Tests.xctest */ = {isa = PBXFileReference; explicitFileType = wrapper.cfbundle; includeInIndex = 0; path = SoundScapeTK2Tests.xctest; sourceTree = BUILT_PRODUCTS_DIR; };
		866F2EF0229C81DE00FFAEDF /* SoundScapeTK2Tests.swift */ = {isa = PBXFileReference; lastKnownFileType = sourcecode.swift; path = SoundScapeTK2Tests.swift; sourceTree = "<group>"; };
		866F2EF2229C81DE00FFAEDF /* Info.plist */ = {isa = PBXFileReference; lastKnownFileType = text.plist.xml; path = Info.plist; sourceTree = "<group>"; };
/* End PBXFileReference section */

/* Begin PBXFrameworksBuildPhase section */
		866F2ED5229C81DD00FFAEDF /* Frameworks */ = {
			isa = PBXFrameworksBuildPhase;
			buildActionMask = 2147483647;
			files = (
			);
			runOnlyForDeploymentPostprocessing = 0;
		};
		866F2EE9229C81DD00FFAEDF /* Frameworks */ = {
			isa = PBXFrameworksBuildPhase;
			buildActionMask = 2147483647;
			files = (
			);
			runOnlyForDeploymentPostprocessing = 0;
		};
/* End PBXFrameworksBuildPhase section */

/* Begin PBXGroup section */
		866F2ECF229C81DD00FFAEDF = {
			isa = PBXGroup;
			children = (
				866F2EDA229C81DD00FFAEDF /* SoundScapeTK2 */,
				866F2EEF229C81DE00FFAEDF /* SoundScapeTK2Tests */,
				866F2ED9229C81DD00FFAEDF /* Products */,
			);
			sourceTree = "<group>";
		};
		866F2ED9229C81DD00FFAEDF /* Products */ = {
			isa = PBXGroup;
			children = (
				866F2ED8229C81DD00FFAEDF /* SoundScapeTK2.app */,
				866F2EEC229C81DD00FFAEDF /* SoundScapeTK2Tests.xctest */,
			);
			name = Products;
			sourceTree = "<group>";
		};
		866F2EDA229C81DD00FFAEDF /* SoundScapeTK2 */ = {
			isa = PBXGroup;
			children = (
				866F2EDB229C81DD00FFAEDF /* AppDelegate.swift */,
				866F2EDD229C81DD00FFAEDF /* ViewController.swift */,
				866F2EDF229C81DD00FFAEDF /* Main.storyboard */,
				866F2EE2229C81DD00FFAEDF /* Assets.xcassets */,
				866F2EE4229C81DD00FFAEDF /* LaunchScreen.storyboard */,
				866F2EE7229C81DD00FFAEDF /* Info.plist */,
			);
			path = SoundScapeTK2;
			sourceTree = "<group>";
		};
		866F2EEF229C81DE00FFAEDF /* SoundScapeTK2Tests */ = {
			isa = PBXGroup;
			children = (
				866F2EF0229C81DE00FFAEDF /* SoundScapeTK2Tests.swift */,
				866F2EF2229C81DE00FFAEDF /* Info.plist */,
			);
			path = SoundScapeTK2Tests;
			sourceTree = "<group>";
		};
/* End PBXGroup section */

/* Begin PBXNativeTarget section */
		866F2ED7229C81DD00FFAEDF /* SoundScapeTK2 */ = {
			isa = PBXNativeTarget;
			buildConfigurationList = 866F2EF5229C81DE00FFAEDF /* Build configuration list for PBXNativeTarget "SoundScapeTK2" */;
			buildPhases = (
				866F2ED4229C81DD00FFAEDF /* Sources */,
				866F2ED5229C81DD00FFAEDF /* Frameworks */,
				866F2ED6229C81DD00FFAEDF /* Resources */,
			);
			buildRules = (
			);
			dependencies = (
			);
			name = SoundScapeTK2;
			productName = SoundScapeTK2;
			productReference = 866F2ED8229C81DD00FFAEDF /* SoundScapeTK2.app */;
			productType = "com.apple.product-type.application";
		};
		866F2EEB229C81DD00FFAEDF /* SoundScapeTK2Tests */ = {
			isa = PBXNativeTarget;
			buildConfigurationList = 866F2EF8229C81DE00FFAEDF /* Build configuration list for PBXNativeTarget "SoundScapeTK2Tests" */;
			buildPhases = (
				866F2EE8229C81DD00FFAEDF /* Sources */,
				866F2EE9229C81DD00FFAEDF /* Frameworks */,
				866F2EEA229C81DD00FFAEDF /* Resources */,
			);
			buildRules = (
			);
			dependencies = (
				866F2EEE229C81DE00FFAEDF /* PBXTargetDependency */,
			);
			name = SoundScapeTK2Tests;
			productName = SoundScapeTK2Tests;
			productReference = 866F2EEC229C81DD00FFAEDF /* SoundScapeTK2Tests.xctest */;
			productType = "com.apple.product-type.bundle.unit-test";
		};
/* End PBXNativeTarget section */

/* Begin PBXProject section */
		866F2ED0229C81DD00FFAEDF /* Project object */ = {
			isa = PBXProject;
			attributes = {
				LastSwiftUpdateCheck = 1020;
				LastUpgradeCheck = 1020;
				ORGANIZATIONNAME = kfl;
				TargetAttributes = {
					866F2ED7229C81DD00FFAEDF = {
						CreatedOnToolsVersion = 10.2.1;
					};
					866F2EEB229C81DD00FFAEDF = {
						CreatedOnToolsVersion = 10.2.1;
						TestTargetID = 866F2ED7229C81DD00FFAEDF;
					};
				};
			};
			buildConfigurationList = 866F2ED3229C81DD00FFAEDF /* Build configuration list for PBXProject "SoundScapeTK2" */;
			compatibilityVersion = "Xcode 9.3";
			developmentRegion = en;
			hasScannedForEncodings = 0;
			knownRegions = (
				en,
				Base,
			);
			mainGroup = 866F2ECF229C81DD00FFAEDF;
			productRefGroup = 866F2ED9229C81DD00FFAEDF /* Products */;
			projectDirPath = "";
			projectRoot = "";
			targets = (
				866F2ED7229C81DD00FFAEDF /* SoundScapeTK2 */,
				866F2EEB229C81DD00FFAEDF /* SoundScapeTK2Tests */,
			);
		};
/* End PBXProject section */

/* Begin PBXResourcesBuildPhase section */
		866F2ED6229C81DD00FFAEDF /* Resources */ = {
			isa = PBXResourcesBuildPhase;
			buildActionMask = 2147483647;
			files = (
				866F2EE6229C81DD00FFAEDF /* LaunchScreen.storyboard in Resources */,
				866F2EE3229C81DD00FFAEDF /* Assets.xcassets in Resources */,
				866F2EE1229C81DD00FFAEDF /* Main.storyboard in Resources */,
			);
			runOnlyForDeploymentPostprocessing = 0;
		};
		866F2EEA229C81DD00FFAEDF /* Resources */ = {
			isa = PBXResourcesBuildPhase;
			buildActionMask = 2147483647;
			files = (
			);
			runOnlyForDeploymentPostprocessing = 0;
		};
/* End PBXResourcesBuildPhase section */

/* Begin PBXSourcesBuildPhase section */
		866F2ED4229C81DD00FFAEDF /* Sources */ = {
			isa = PBXSourcesBuildPhase;
			buildActionMask = 2147483647;
			files = (
				866F2EDE229C81DD00FFAEDF /* ViewController.swift in Sources */,
				866F2EDC229C81DD00FFAEDF /* AppDelegate.swift in Sources */,
			);
			runOnlyForDeploymentPostprocessing = 0;
		};
		866F2EE8229C81DD00FFAEDF /* Sources */ = {
			isa = PBXSourcesBuildPhase;
			buildActionMask = 2147483647;
			files = (
				866F2EF1229C81DE00FFAEDF /* SoundScapeTK2Tests.swift in Sources */,
			);
			runOnlyForDeploymentPostprocessing = 0;
		};
/* End PBXSourcesBuildPhase section */

/* Begin PBXTargetDependency section */
		866F2EEE229C81DE00FFAEDF /* PBXTargetDependency */ = {
			isa = PBXTargetDependency;
			target = 866F2ED7229C81DD00FFAEDF /* SoundScapeTK2 */;
			targetProxy = 866F2EED229C81DE00FFAEDF /* PBXContainerItemProxy */;
		};
/* End PBXTargetDependency section */

/* Begin PBXVariantGroup section */
		866F2EDF229C81DD00FFAEDF /* Main.storyboard */ = {
			isa = PBXVariantGroup;
			children = (
				866F2EE0229C81DD00FFAEDF /* Base */,
			);
			name = Main.storyboard;
			sourceTree = "<group>";
		};
		866F2EE4229C81DD00FFAEDF /* LaunchScreen.storyboard */ = {
			isa = PBXVariantGroup;
			children = (
				866F2EE5229C81DD00FFAEDF /* Base */,
			);
			name = LaunchScreen.storyboard;
			sourceTree = "<group>";
		};
/* End PBXVariantGroup section */

/* Begin XCBuildConfiguration section */
		866F2EF3229C81DE00FFAEDF /* Debug */ = {
			isa = XCBuildConfiguration;
			buildSettings = {
				ALWAYS_SEARCH_USER_PATHS = NO;
				CLANG_ANALYZER_NONNULL = YES;
				CLANG_ANALYZER_NUMBER_OBJECT_CONVERSION = YES_AGGRESSIVE;
				CLANG_CXX_LANGUAGE_STANDARD = "gnu++14";
				CLANG_CXX_LIBRARY = "libc++";
				CLANG_ENABLE_MODULES = YES;
				CLANG_ENABLE_OBJC_ARC = YES;
				CLANG_ENABLE_OBJC_WEAK = YES;
				CLANG_WARN_BLOCK_CAPTURE_AUTORELEASING = YES;
				CLANG_WARN_BOOL_CONVERSION = YES;
				CLANG_WARN_COMMA = YES;
				CLANG_WARN_CONSTANT_CONVERSION = YES;
				CLANG_WARN_DEPRECATED_OBJC_IMPLEMENTATIONS = YES;
				CLANG_WARN_DIRECT_OBJC_ISA_USAGE = YES_ERROR;
				CLANG_WARN_DOCUMENTATION_COMMENTS = YES;
				CLANG_WARN_EMPTY_BODY = YES;
				CLANG_WARN_ENUM_CONVERSION = YES;
				CLANG_WARN_INFINITE_RECURSION = YES;
				CLANG_WARN_INT_CONVERSION = YES;
				CLANG_WARN_NON_LITERAL_NULL_CONVERSION = YES;
				CLANG_WARN_OBJC_IMPLICIT_RETAIN_SELF = YES;
				CLANG_WARN_OBJC_LITERAL_CONVERSION = YES;
				CLANG_WARN_OBJC_ROOT_CLASS = YES_ERROR;
				CLANG_WARN_RANGE_LOOP_ANALYSIS = YES;
				CLANG_WARN_STRICT_PROTOTYPES = YES;
				CLANG_WARN_SUSPICIOUS_MOVE = YES;
				CLANG_WARN_UNGUARDED_AVAILABILITY = YES_AGGRESSIVE;
				CLANG_WARN_UNREACHABLE_CODE = YES;
				CLANG_WARN__DUPLICATE_METHOD_MATCH = YES;
				CODE_SIGN_IDENTITY = "iPhone Developer";
				COPY_PHASE_STRIP = NO;
				DEBUG_INFORMATION_FORMAT = dwarf;
				ENABLE_STRICT_OBJC_MSGSEND = YES;
				ENABLE_TESTABILITY = YES;
				GCC_C_LANGUAGE_STANDARD = gnu11;
				GCC_DYNAMIC_NO_PIC = NO;
				GCC_NO_COMMON_BLOCKS = YES;
				GCC_OPTIMIZATION_LEVEL = 0;
				GCC_PREPROCESSOR_DEFINITIONS = (
					"DEBUG=1",
					"$(inherited)",
				);
				GCC_WARN_64_TO_32_BIT_CONVERSION = YES;
				GCC_WARN_ABOUT_RETURN_TYPE = YES_ERROR;
				GCC_WARN_UNDECLARED_SELECTOR = YES;
				GCC_WARN_UNINITIALIZED_AUTOS = YES_AGGRESSIVE;
				GCC_WARN_UNUSED_FUNCTION = YES;
				GCC_WARN_UNUSED_VARIABLE = YES;
				IPHONEOS_DEPLOYMENT_TARGET = 12.2;
				MTL_ENABLE_DEBUG_INFO = INCLUDE_SOURCE;
				MTL_FAST_MATH = YES;
				ONLY_ACTIVE_ARCH = YES;
				SDKROOT = iphoneos;
				SWIFT_ACTIVE_COMPILATION_CONDITIONS = DEBUG;
				SWIFT_OPTIMIZATION_LEVEL = "-Onone";
			};
			name = Debug;
		};
		866F2EF4229C81DE00FFAEDF /* Release */ = {
			isa = XCBuildConfiguration;
			buildSettings = {
				ALWAYS_SEARCH_USER_PATHS = NO;
				CLANG_ANALYZER_NONNULL = YES;
				CLANG_ANALYZER_NUMBER_OBJECT_CONVERSION = YES_AGGRESSIVE;
				CLANG_CXX_LANGUAGE_STANDARD = "gnu++14";
				CLANG_CXX_LIBRARY = "libc++";
				CLANG_ENABLE_MODULES = YES;
				CLANG_ENABLE_OBJC_ARC = YES;
				CLANG_ENABLE_OBJC_WEAK = YES;
				CLANG_WARN_BLOCK_CAPTURE_AUTORELEASING = YES;
				CLANG_WARN_BOOL_CONVERSION = YES;
				CLANG_WARN_COMMA = YES;
				CLANG_WARN_CONSTANT_CONVERSION = YES;
				CLANG_WARN_DEPRECATED_OBJC_IMPLEMENTATIONS = YES;
				CLANG_WARN_DIRECT_OBJC_ISA_USAGE = YES_ERROR;
				CLANG_WARN_DOCUMENTATION_COMMENTS = YES;
				CLANG_WARN_EMPTY_BODY = YES;
				CLANG_WARN_ENUM_CONVERSION = YES;
				CLANG_WARN_INFINITE_RECURSION = YES;
				CLANG_WARN_INT_CONVERSION = YES;
				CLANG_WARN_NON_LITERAL_NULL_CONVERSION = YES;
				CLANG_WARN_OBJC_IMPLICIT_RETAIN_SELF = YES;
				CLANG_WARN_OBJC_LITERAL_CONVERSION = YES;
				CLANG_WARN_OBJC_ROOT_CLASS = YES_ERROR;
				CLANG_WARN_RANGE_LOOP_ANALYSIS = YES;
				CLANG_WARN_STRICT_PROTOTYPES = YES;
				CLANG_WARN_SUSPICIOUS_MOVE = YES;
				CLANG_WARN_UNGUARDED_AVAILABILITY = YES_AGGRESSIVE;
				CLANG_WARN_UNREACHABLE_CODE = YES;
				CLANG_WARN__DUPLICATE_METHOD_MATCH = YES;
				CODE_SIGN_IDENTITY = "iPhone Developer";
				COPY_PHASE_STRIP = NO;
				DEBUG_INFORMATION_FORMAT = "dwarf-with-dsym";
				ENABLE_NS_ASSERTIONS = NO;
				ENABLE_STRICT_OBJC_MSGSEND = YES;
				GCC_C_LANGUAGE_STANDARD = gnu11;
				GCC_NO_COMMON_BLOCKS = YES;
				GCC_WARN_64_TO_32_BIT_CONVERSION = YES;
				GCC_WARN_ABOUT_RETURN_TYPE = YES_ERROR;
				GCC_WARN_UNDECLARED_SELECTOR = YES;
				GCC_WARN_UNINITIALIZED_AUTOS = YES_AGGRESSIVE;
				GCC_WARN_UNUSED_FUNCTION = YES;
				GCC_WARN_UNUSED_VARIABLE = YES;
				IPHONEOS_DEPLOYMENT_TARGET = 12.2;
				MTL_ENABLE_DEBUG_INFO = NO;
				MTL_FAST_MATH = YES;
				SDKROOT = iphoneos;
				SWIFT_COMPILATION_MODE = wholemodule;
				SWIFT_OPTIMIZATION_LEVEL = "-O";
				VALIDATE_PRODUCT = YES;
			};
			name = Release;
		};
		866F2EF6229C81DE00FFAEDF /* Debug */ = {
			isa = XCBuildConfiguration;
			buildSettings = {
				ASSETCATALOG_COMPILER_APPICON_NAME = AppIcon;
				CODE_SIGN_STYLE = Automatic;
				DEVELOPMENT_TEAM = 85CVXQT3NW;
				INFOPLIST_FILE = SoundScapeTK2/Info.plist;
				LD_RUNPATH_SEARCH_PATHS = (
					"$(inherited)",
					"@executable_path/Frameworks",
				);
				PRODUCT_BUNDLE_IDENTIFIER = com.kitefishlabs.SoundScapeTK2;
				PRODUCT_NAME = "$(TARGET_NAME)";
				SWIFT_VERSION = 5.0;
				TARGETED_DEVICE_FAMILY = "1,2";
			};
			name = Debug;
		};
		866F2EF7229C81DE00FFAEDF /* Release */ = {
			isa = XCBuildConfiguration;
			buildSettings = {
				ASSETCATALOG_COMPILER_APPICON_NAME = AppIcon;
				CODE_SIGN_STYLE = Automatic;
				DEVELOPMENT_TEAM = 85CVXQT3NW;
				INFOPLIST_FILE = SoundScapeTK2/Info.plist;
				LD_RUNPATH_SEARCH_PATHS = (
					"$(inherited)",
					"@executable_path/Frameworks",
				);
				PRODUCT_BUNDLE_IDENTIFIER = com.kitefishlabs.SoundScapeTK2;
				PRODUCT_NAME = "$(TARGET_NAME)";
				SWIFT_VERSION = 5.0;
				TARGETED_DEVICE_FAMILY = "1,2";
			};
			name = Release;
		};
		866F2EF9229C81DE00FFAEDF /* Debug */ = {
			isa = XCBuildConfiguration;
			buildSettings = {
				ALWAYS_EMBED_SWIFT_STANDARD_LIBRARIES = YES;
				BUNDLE_LOADER = "$(TEST_HOST)";
				CODE_SIGN_STYLE = Automatic;
				DEVELOPMENT_TEAM = 85CVXQT3NW;
				INFOPLIST_FILE = SoundScapeTK2Tests/Info.plist;
				LD_RUNPATH_SEARCH_PATHS = (
					"$(inherited)",
					"@executable_path/Frameworks",
					"@loader_path/Frameworks",
				);
				PRODUCT_BUNDLE_IDENTIFIER = com.kitefishlabs.SoundScapeTK2Tests;
				PRODUCT_NAME = "$(TARGET_NAME)";
				SWIFT_VERSION = 5.0;
				TARGETED_DEVICE_FAMILY = "1,2";
				TEST_HOST = "$(BUILT_PRODUCTS_DIR)/SoundScapeTK2.app/SoundScapeTK2";
			};
			name = Debug;
		};
		866F2EFA229C81DE00FFAEDF /* Release */ = {
			isa = XCBuildConfiguration;
			buildSettings = {
				ALWAYS_EMBED_SWIFT_STANDARD_LIBRARIES = YES;
				BUNDLE_LOADER = "$(TEST_HOST)";
				CODE_SIGN_STYLE = Automatic;
				DEVELOPMENT_TEAM = 85CVXQT3NW;
				INFOPLIST_FILE = SoundScapeTK2Tests/Info.plist;
				LD_RUNPATH_SEARCH_PATHS = (
					"$(inherited)",
					"@executable_path/Frameworks",
					"@loader_path/Frameworks",
				);
				PRODUCT_BUNDLE_IDENTIFIER = com.kitefishlabs.SoundScapeTK2Tests;
				PRODUCT_NAME = "$(TARGET_NAME)";
				SWIFT_VERSION = 5.0;
				TARGETED_DEVICE_FAMILY = "1,2";
				TEST_HOST = "$(BUILT_PRODUCTS_DIR)/SoundScapeTK2.app/SoundScapeTK2";
			};
			name = Release;
		};
/* End XCBuildConfiguration section */

/* Begin XCConfigurationList section */
		866F2ED3229C81DD00FFAEDF /* Build configuration list for PBXProject "SoundScapeTK2" */ = {
			isa = XCConfigurationList;
			buildConfigurations = (
				866F2EF3229C81DE00FFAEDF /* Debug */,
				866F2EF4229C81DE00FFAEDF /* Release */,
			);
			defaultConfigurationIsVisible = 0;
			defaultConfigurationName = Release;
		};
		866F2EF5229C81DE00FFAEDF /* Build configuration list for PBXNativeTarget "SoundScapeTK2" */ = {
			isa = XCConfigurationList;
			buildConfigurations = (
				866F2EF6229C81DE00FFAEDF /* Debug */,
				866F2EF7229C81DE00FFAEDF /* Release */,
			);
			defaultConfigurationIsVisible = 0;
			defaultConfigurationName = Release;
		};
		866F2EF8229C81DE00FFAEDF /* Build configuration list for PBXNativeTarget "SoundScapeTK2Tests" */ = {
			isa = XCConfigurationList;
			buildConfigurations = (
				866F2EF9229C81DE00FFAEDF /* Debug */,
				866F2EFA229C81DE00FFAEDF /* Release */,
			);
			defaultConfigurationIsVisible = 0;
			defaultConfigurationName = Release;
		};
/* End XCConfigurationList section */
	};
	rootObject = 866F2ED0229C81DD00FFAEDF /* Project object */;
}
